
Microsoft Visual Studio Solution File, Format Version 12.00
# Visual Studio Version 16
VisualStudioVersion = 16.0.31829.152
MinimumVisualStudioVersion = 10.0.40219.1
Project("{FAE04EC0-301F-11D3-BF4B-00C04F79EFBC}") = "IOG_Task_01", "IOG_Task_01\IOG_Task_01.csproj", "{B1EE91DA-CBF4-4ADE-AA81-784DBC090330}"
EndProject
Project("{FAE04EC0-301F-11D3-BF4B-00C04F79EFBC}") = "IOG_Task_02", "IOG_Task_02\IOG_Task_02.csproj", "{0AF73B0D-3A63-497F-8AB4-363E7BF6273D}"
EndProject
Project("{FAE04EC0-301F-11D3-BF4B-00C04F79EFBC}") = "IOG_Task_03", "IOG_Task_03\IOG_Task_03.csproj", "{A6322553-D42C-444F-A4AE-D6BA14670181}"
EndProject
Project("{FAE04EC0-301F-11D3-BF4B-00C04F79EFBC}") = "IOG_Task_04", "IOG_Task_04\IOG_Task_04.csproj", "{9E7EE0FF-3063-42A6-84A4-352BB18244A7}"
EndProject
Project("{FAE04EC0-301F-11D3-BF4B-00C04F79EFBC}") = "IOG_Task_05", "IOG_Task_05\IOG_Task_05.csproj", "{30EC5859-2FB9-42D3-816A-1801B798ABC1}"
EndProject
Global
	GlobalSection(SolutionConfigurationPlatforms) = preSolution
		Debug|Any CPU = Debug|Any CPU
		Release|Any CPU = Release|Any CPU
	EndGlobalSection
	GlobalSection(ProjectConfigurationPlatforms) = postSolution
		{B1EE91DA-CBF4-4ADE-AA81-784DBC090330}.Debug|Any CPU.ActiveCfg = Debug|Any CPU
		{B1EE91DA-CBF4-4ADE-AA81-784DBC090330}.Debug|Any CPU.Build.0 = Debug|Any CPU
		{B1EE91DA-CBF4-4ADE-AA81-784DBC090330}.Release|Any CPU.ActiveCfg = Release|Any CPU
		{B1EE91DA-CBF4-4ADE-AA81-784DBC090330}.Release|Any CPU.Build.0 = Release|Any CPU
		{0AF73B0D-3A63-497F-8AB4-363E7BF6273D}.Debug|Any CPU.ActiveCfg = Debug|Any CPU
		{0AF73B0D-3A63-497F-8AB4-363E7BF6273D}.Debug|Any CPU.Build.0 = Debug|Any CPU
		{0AF73B0D-3A63-497F-8AB4-363E7BF6273D}.Release|Any CPU.ActiveCfg = Release|Any CPU
		{0AF73B0D-3A63-497F-8AB4-363E7BF6273D}.Release|Any CPU.Build.0 = Release|Any CPU
		{A6322553-D42C-444F-A4AE-D6BA14670181}.Debug|Any CPU.ActiveCfg = Debug|Any CPU
		{A6322553-D42C-444F-A4AE-D6BA14670181}.Debug|Any CPU.Build.0 = Debug|Any CPU
		{A6322553-D42C-444F-A4AE-D6BA14670181}.Release|Any CPU.ActiveCfg = Release|Any CPU
		{A6322553-D42C-444F-A4AE-D6BA14670181}.Release|Any CPU.Build.0 = Release|Any CPU
		{9E7EE0FF-3063-42A6-84A4-352BB18244A7}.Debug|Any CPU.ActiveCfg = Debug|Any CPU
		{9E7EE0FF-3063-42A6-84A4-352BB18244A7}.Debug|Any CPU.Build.0 = Debug|Any CPU
		{9E7EE0FF-3063-42A6-84A4-352BB18244A7}.Release|Any CPU.ActiveCfg = Release|Any CPU
		{9E7EE0FF-3063-42A6-84A4-352BB18244A7}.Release|Any CPU.Build.0 = Release|Any CPU
		{30EC5859-2FB9-42D3-816A-1801B798ABC1}.Debug|Any CPU.ActiveCfg = Debug|Any CPU
		{30EC5859-2FB9-42D3-816A-1801B798ABC1}.Debug|Any CPU.Build.0 = Debug|Any CPU
		{30EC5859-2FB9-42D3-816A-1801B798ABC1}.Release|Any CPU.ActiveCfg = Release|Any CPU
		{30EC5859-2FB9-42D3-816A-1801B798ABC1}.Release|Any CPU.Build.0 = Release|Any CPU
	EndGlobalSection
	GlobalSection(SolutionProperties) = preSolution
		HideSolutionNode = FALSE
	EndGlobalSection
	GlobalSection(ExtensibilityGlobals) = postSolution
		SolutionGuid = {B095C163-4FA6-4385-B99E-AD3D423A3A9B}
	EndGlobalSection
EndGlobal
